
Microsoft Visual Studio Solution File, Format Version 12.00
# Visual Studio Version 16
VisualStudioVersion = 16.0.30621.155
MinimumVisualStudioVersion = 10.0.40219.1
Project("{FAE04EC0-301F-11D3-BF4B-00C04F79EFBC}") = "StoyanStoyanov.TelephoneLibrary", "StoyanStoyanov.TelephoneLibrary\StoyanStoyanov.TelephoneLibrary.csproj", "{C089FFF0-DFF7-4A83-9537-013D51011EB5}"
EndProject
Global
	GlobalSection(SolutionConfigurationPlatforms) = preSolution
		Debug|Any CPU = Debug|Any CPU
		Release|Any CPU = Release|Any CPU
	EndGlobalSection
	GlobalSection(ProjectConfigurationPlatforms) = postSolution
		{C089FFF0-DFF7-4A83-9537-013D51011EB5}.Debug|Any CPU.ActiveCfg = Debug|Any CPU
		{C089FFF0-DFF7-4A83-9537-013D51011EB5}.Debug|Any CPU.Build.0 = Debug|Any CPU
		{C089FFF0-DFF7-4A83-9537-013D51011EB5}.Release|Any CPU.ActiveCfg = Release|Any CPU
		{C089FFF0-DFF7-4A83-9537-013D51011EB5}.Release|Any CPU.Build.0 = Release|Any CPU
	EndGlobalSection
	GlobalSection(SolutionProperties) = preSolution
		HideSolutionNode = FALSE
	EndGlobalSection
	GlobalSection(ExtensibilityGlobals) = postSolution
		SolutionGuid = {283102E5-8ECE-4A09-93A4-05D7287EA597}
	EndGlobalSection
EndGlobal
